// !$*UTF8*$!
{
	archiveVersion = 1;
	classes = {
	};
	objectVersion = 46;
	objects = {

/* Begin PBXBuildFile section */
		3E91EAF6F7F0F457434DFA3F /* libPods.a in Frameworks */ = {isa = PBXBuildFile; fileRef = 4E9C046BD1995DDD68F5EABB /* libPods.a */; };
		A9168D3B1A199D1A00D27333 /* TestMenuViewController.m in Sources */ = {isa = PBXBuildFile; fileRef = A9168D391A199D1A00D27333 /* TestMenuViewController.m */; };
		A9168D3C1A199D1A00D27333 /* TestMenuViewController.xib in Resources */ = {isa = PBXBuildFile; fileRef = A9168D3A1A199D1A00D27333 /* TestMenuViewController.xib */; };
		A92FCCB71A196DF100B16E9B /* SpellingTestCharacter.m in Sources */ = {isa = PBXBuildFile; fileRef = A92FCCB61A196DF100B16E9B /* SpellingTestCharacter.m */; };
		A962BD8F1A1C6C38003652C1 /* WordCell.m in Sources */ = {isa = PBXBuildFile; fileRef = A962BD8D1A1C6C38003652C1 /* WordCell.m */; };
		A962BD901A1C6C38003652C1 /* WordCell.xib in Resources */ = {isa = PBXBuildFile; fileRef = A962BD8E1A1C6C38003652C1 /* WordCell.xib */; };
		A962BD941A1C79E8003652C1 /* WordEditViewController.m in Sources */ = {isa = PBXBuildFile; fileRef = A962BD921A1C79E8003652C1 /* WordEditViewController.m */; };
		A962BD951A1C79E8003652C1 /* WordEditViewController.xib in Resources */ = {isa = PBXBuildFile; fileRef = A962BD931A1C79E8003652C1 /* WordEditViewController.xib */; };
		A9632B281A1703FC003EB8FE /* VocabListStore.m in Sources */ = {isa = PBXBuildFile; fileRef = A9632B271A1703FC003EB8FE /* VocabListStore.m */; };
		A9632B2C1A173C5E003EB8FE /* VocabListBrowseViewController.m in Sources */ = {isa = PBXBuildFile; fileRef = A9632B2A1A173C5E003EB8FE /* VocabListBrowseViewController.m */; };
		A9632B2D1A173C5E003EB8FE /* VocabListBrowseViewController.xib in Resources */ = {isa = PBXBuildFile; fileRef = A9632B2B1A173C5E003EB8FE /* VocabListBrowseViewController.xib */; };
		A9EF1FEC1A15C5800017089D /* main.m in Sources */ = {isa = PBXBuildFile; fileRef = A9EF1FEB1A15C5800017089D /* main.m */; };
		A9EF1FEF1A15C5800017089D /* AppDelegate.m in Sources */ = {isa = PBXBuildFile; fileRef = A9EF1FEE1A15C5800017089D /* AppDelegate.m */; };
		A9EF1FF71A15C5800017089D /* Images.xcassets in Resources */ = {isa = PBXBuildFile; fileRef = A9EF1FF61A15C5800017089D /* Images.xcassets */; };
		A9EF1FFA1A15C5800017089D /* LaunchScreen.xib in Resources */ = {isa = PBXBuildFile; fileRef = A9EF1FF81A15C5800017089D /* LaunchScreen.xib */; };
		A9EF20061A15C5800017089D /* VocabLearnTests.m in Sources */ = {isa = PBXBuildFile; fileRef = A9EF20051A15C5800017089D /* VocabLearnTests.m */; };
		A9EF20121A15C5A50017089D /* MainViewController.m in Sources */ = {isa = PBXBuildFile; fileRef = A9EF20101A15C5A50017089D /* MainViewController.m */; };
		A9EF20131A15C5A50017089D /* MainViewController.xib in Resources */ = {isa = PBXBuildFile; fileRef = A9EF20111A15C5A50017089D /* MainViewController.xib */; };
		A9EF20161A15C9970017089D /* VocabList.m in Sources */ = {isa = PBXBuildFile; fileRef = A9EF20151A15C9970017089D /* VocabList.m */; };
		A9EF201C1A15CBF40017089D /* VocabListCell.m in Sources */ = {isa = PBXBuildFile; fileRef = A9EF201A1A15CBF40017089D /* VocabListCell.m */; };
		A9EF201D1A15CBF40017089D /* VocabListCell.xib in Resources */ = {isa = PBXBuildFile; fileRef = A9EF201B1A15CBF40017089D /* VocabListCell.xib */; };
		A9EF20211A15CE390017089D /* VocabListCreationViewController.m in Sources */ = {isa = PBXBuildFile; fileRef = A9EF201F1A15CE390017089D /* VocabListCreationViewController.m */; };
		A9EF20221A15CE390017089D /* VocabListCreationViewController.xib in Resources */ = {isa = PBXBuildFile; fileRef = A9EF20201A15CE390017089D /* VocabListCreationViewController.xib */; };
		C70176D71A19C1A4003FC85F /* MultipleChoiceQuestion.m in Sources */ = {isa = PBXBuildFile; fileRef = C70176D61A19C1A4003FC85F /* MultipleChoiceQuestion.m */; };
		C7424FA31A197A0300BF2D65 /* MultipleChoiceViewController.m in Sources */ = {isa = PBXBuildFile; fileRef = C7424FA11A197A0300BF2D65 /* MultipleChoiceViewController.m */; };
		C7424FA41A197A0300BF2D65 /* MultipleChoiceViewController.xib in Resources */ = {isa = PBXBuildFile; fileRef = C7424FA21A197A0300BF2D65 /* MultipleChoiceViewController.xib */; };
		EA169EA71A19A445006226BD /* UIColor+VocabLean.m in Sources */ = {isa = PBXBuildFile; fileRef = EA169EA61A19A445006226BD /* UIColor+VocabLean.m */; };
		EA260A581A17C1A00049D28F /* SpellingTestWelcomeViewController.m in Sources */ = {isa = PBXBuildFile; fileRef = EA260A571A17C1A00049D28F /* SpellingTestWelcomeViewController.m */; };
		EA78D33B1A17CDE7002F9405 /* SpellingTestTestController.m in Sources */ = {isa = PBXBuildFile; fileRef = EA78D33A1A17CDE7002F9405 /* SpellingTestTestController.m */; };
		EA78D33E1A17CED8002F9405 /* SpellingTestQuestionViewController.m in Sources */ = {isa = PBXBuildFile; fileRef = EA78D33D1A17CED8002F9405 /* SpellingTestQuestionViewController.m */; };
		EA78D3411A17D315002F9405 /* SpellingTestQuestion.m in Sources */ = {isa = PBXBuildFile; fileRef = EA78D3401A17D315002F9405 /* SpellingTestQuestion.m */; };
		EA78D3481A17D5E6002F9405 /* SpellingTestCharacterCell.m in Sources */ = {isa = PBXBuildFile; fileRef = EA78D3471A17D5E6002F9405 /* SpellingTestCharacterCell.m */; };
		EA78D34B1A17D606002F9405 /* SpellingTestCharacterPickerView.m in Sources */ = {isa = PBXBuildFile; fileRef = EA78D34A1A17D606002F9405 /* SpellingTestCharacterPickerView.m */; };
		EA78D34E1A17D61C002F9405 /* SpellingTestGuessingAreaView.m in Sources */ = {isa = PBXBuildFile; fileRef = EA78D34D1A17D61C002F9405 /* SpellingTestGuessingAreaView.m */; };
		EAA67BDB1A1C597600AD8779 /* SpellingTestCharacterView.m in Sources */ = {isa = PBXBuildFile; fileRef = EAA67BDA1A1C597600AD8779 /* SpellingTestCharacterView.m */; };
/* End PBXBuildFile section */

/* Begin PBXContainerItemProxy section */
		A9EF20001A15C5800017089D /* PBXContainerItemProxy */ = {
			isa = PBXContainerItemProxy;
			containerPortal = A9EF1FDE1A15C5800017089D /* Project object */;
			proxyType = 1;
			remoteGlobalIDString = A9EF1FE51A15C5800017089D;
			remoteInfo = VocabLearn;
		};
/* End PBXContainerItemProxy section */

/* Begin PBXFileReference section */
		3899FDDC32E6CFF69BCBC008 /* Pods.debug.xcconfig */ = {isa = PBXFileReference; includeInIndex = 1; lastKnownFileType = text.xcconfig; name = Pods.debug.xcconfig; path = "Pods/Target Support Files/Pods/Pods.debug.xcconfig"; sourceTree = "<group>"; };
		4E9C046BD1995DDD68F5EABB /* libPods.a */ = {isa = PBXFileReference; explicitFileType = archive.ar; includeInIndex = 0; path = libPods.a; sourceTree = BUILT_PRODUCTS_DIR; };
		A9168D381A199D1A00D27333 /* TestMenuViewController.h */ = {isa = PBXFileReference; fileEncoding = 4; lastKnownFileType = sourcecode.c.h; path = TestMenuViewController.h; sourceTree = "<group>"; };
		A9168D391A199D1A00D27333 /* TestMenuViewController.m */ = {isa = PBXFileReference; fileEncoding = 4; lastKnownFileType = sourcecode.c.objc; path = TestMenuViewController.m; sourceTree = "<group>"; };
		A9168D3A1A199D1A00D27333 /* TestMenuViewController.xib */ = {isa = PBXFileReference; fileEncoding = 4; lastKnownFileType = file.xib; path = TestMenuViewController.xib; sourceTree = "<group>"; };
		A92FCCB51A196DF100B16E9B /* SpellingTestCharacter.h */ = {isa = PBXFileReference; fileEncoding = 4; lastKnownFileType = sourcecode.c.h; name = SpellingTestCharacter.h; path = SpellingTest/SpellingTestCharacter.h; sourceTree = "<group>"; };
		A92FCCB61A196DF100B16E9B /* SpellingTestCharacter.m */ = {isa = PBXFileReference; fileEncoding = 4; lastKnownFileType = sourcecode.c.objc; name = SpellingTestCharacter.m; path = SpellingTest/SpellingTestCharacter.m; sourceTree = "<group>"; };
		A962BD8C1A1C6C38003652C1 /* WordCell.h */ = {isa = PBXFileReference; fileEncoding = 4; lastKnownFileType = sourcecode.c.h; path = WordCell.h; sourceTree = "<group>"; };
		A962BD8D1A1C6C38003652C1 /* WordCell.m */ = {isa = PBXFileReference; fileEncoding = 4; lastKnownFileType = sourcecode.c.objc; path = WordCell.m; sourceTree = "<group>"; };
		A962BD8E1A1C6C38003652C1 /* WordCell.xib */ = {isa = PBXFileReference; fileEncoding = 4; lastKnownFileType = file.xib; path = WordCell.xib; sourceTree = "<group>"; };
		A962BD911A1C79E8003652C1 /* WordEditViewController.h */ = {isa = PBXFileReference; fileEncoding = 4; lastKnownFileType = sourcecode.c.h; path = WordEditViewController.h; sourceTree = "<group>"; };
		A962BD921A1C79E8003652C1 /* WordEditViewController.m */ = {isa = PBXFileReference; fileEncoding = 4; lastKnownFileType = sourcecode.c.objc; path = WordEditViewController.m; sourceTree = "<group>"; };
		A962BD931A1C79E8003652C1 /* WordEditViewController.xib */ = {isa = PBXFileReference; fileEncoding = 4; lastKnownFileType = file.xib; path = WordEditViewController.xib; sourceTree = "<group>"; };
		A9632B261A1703FC003EB8FE /* VocabListStore.h */ = {isa = PBXFileReference; fileEncoding = 4; lastKnownFileType = sourcecode.c.h; path = VocabListStore.h; sourceTree = "<group>"; };
		A9632B271A1703FC003EB8FE /* VocabListStore.m */ = {isa = PBXFileReference; fileEncoding = 4; lastKnownFileType = sourcecode.c.objc; path = VocabListStore.m; sourceTree = "<group>"; };
		A9632B291A173C5E003EB8FE /* VocabListBrowseViewController.h */ = {isa = PBXFileReference; fileEncoding = 4; lastKnownFileType = sourcecode.c.h; path = VocabListBrowseViewController.h; sourceTree = "<group>"; };
		A9632B2A1A173C5E003EB8FE /* VocabListBrowseViewController.m */ = {isa = PBXFileReference; fileEncoding = 4; lastKnownFileType = sourcecode.c.objc; path = VocabListBrowseViewController.m; sourceTree = "<group>"; };
		A9632B2B1A173C5E003EB8FE /* VocabListBrowseViewController.xib */ = {isa = PBXFileReference; fileEncoding = 4; lastKnownFileType = file.xib; path = VocabListBrowseViewController.xib; sourceTree = "<group>"; };
		A9EF1FE61A15C5800017089D /* VocabLearn.app */ = {isa = PBXFileReference; explicitFileType = wrapper.application; includeInIndex = 0; path = VocabLearn.app; sourceTree = BUILT_PRODUCTS_DIR; };
		A9EF1FEA1A15C5800017089D /* Info.plist */ = {isa = PBXFileReference; lastKnownFileType = text.plist.xml; path = Info.plist; sourceTree = "<group>"; };
		A9EF1FEB1A15C5800017089D /* main.m */ = {isa = PBXFileReference; lastKnownFileType = sourcecode.c.objc; path = main.m; sourceTree = "<group>"; };
		A9EF1FED1A15C5800017089D /* AppDelegate.h */ = {isa = PBXFileReference; lastKnownFileType = sourcecode.c.h; path = AppDelegate.h; sourceTree = "<group>"; };
		A9EF1FEE1A15C5800017089D /* AppDelegate.m */ = {isa = PBXFileReference; lastKnownFileType = sourcecode.c.objc; path = AppDelegate.m; sourceTree = "<group>"; };
		A9EF1FF61A15C5800017089D /* Images.xcassets */ = {isa = PBXFileReference; lastKnownFileType = folder.assetcatalog; path = Images.xcassets; sourceTree = "<group>"; };
		A9EF1FF91A15C5800017089D /* Base */ = {isa = PBXFileReference; lastKnownFileType = file.xib; name = Base; path = Base.lproj/LaunchScreen.xib; sourceTree = "<group>"; };
		A9EF1FFF1A15C5800017089D /* VocabLearnTests.xctest */ = {isa = PBXFileReference; explicitFileType = wrapper.cfbundle; includeInIndex = 0; path = VocabLearnTests.xctest; sourceTree = BUILT_PRODUCTS_DIR; };
		A9EF20041A15C5800017089D /* Info.plist */ = {isa = PBXFileReference; lastKnownFileType = text.plist.xml; path = Info.plist; sourceTree = "<group>"; };
		A9EF20051A15C5800017089D /* VocabLearnTests.m */ = {isa = PBXFileReference; lastKnownFileType = sourcecode.c.objc; path = VocabLearnTests.m; sourceTree = "<group>"; };
		A9EF200F1A15C5A50017089D /* MainViewController.h */ = {isa = PBXFileReference; fileEncoding = 4; lastKnownFileType = sourcecode.c.h; path = MainViewController.h; sourceTree = "<group>"; };
		A9EF20101A15C5A50017089D /* MainViewController.m */ = {isa = PBXFileReference; fileEncoding = 4; lastKnownFileType = sourcecode.c.objc; path = MainViewController.m; sourceTree = "<group>"; };
		A9EF20111A15C5A50017089D /* MainViewController.xib */ = {isa = PBXFileReference; fileEncoding = 4; lastKnownFileType = file.xib; path = MainViewController.xib; sourceTree = "<group>"; };
		A9EF20141A15C9970017089D /* VocabList.h */ = {isa = PBXFileReference; fileEncoding = 4; lastKnownFileType = sourcecode.c.h; path = VocabList.h; sourceTree = "<group>"; };
		A9EF20151A15C9970017089D /* VocabList.m */ = {isa = PBXFileReference; fileEncoding = 4; lastKnownFileType = sourcecode.c.objc; path = VocabList.m; sourceTree = "<group>"; };
		A9EF20191A15CBF40017089D /* VocabListCell.h */ = {isa = PBXFileReference; fileEncoding = 4; lastKnownFileType = sourcecode.c.h; path = VocabListCell.h; sourceTree = "<group>"; };
		A9EF201A1A15CBF40017089D /* VocabListCell.m */ = {isa = PBXFileReference; fileEncoding = 4; lastKnownFileType = sourcecode.c.objc; path = VocabListCell.m; sourceTree = "<group>"; };
		A9EF201B1A15CBF40017089D /* VocabListCell.xib */ = {isa = PBXFileReference; fileEncoding = 4; lastKnownFileType = file.xib; path = VocabListCell.xib; sourceTree = "<group>"; };
		A9EF201E1A15CE390017089D /* VocabListCreationViewController.h */ = {isa = PBXFileReference; fileEncoding = 4; lastKnownFileType = sourcecode.c.h; path = VocabListCreationViewController.h; sourceTree = "<group>"; };
		A9EF201F1A15CE390017089D /* VocabListCreationViewController.m */ = {isa = PBXFileReference; fileEncoding = 4; lastKnownFileType = sourcecode.c.objc; path = VocabListCreationViewController.m; sourceTree = "<group>"; };
		A9EF20201A15CE390017089D /* VocabListCreationViewController.xib */ = {isa = PBXFileReference; fileEncoding = 4; lastKnownFileType = file.xib; path = VocabListCreationViewController.xib; sourceTree = "<group>"; };
		C70176D51A19C1A4003FC85F /* MultipleChoiceQuestion.h */ = {isa = PBXFileReference; fileEncoding = 4; lastKnownFileType = sourcecode.c.h; path = MultipleChoiceQuestion.h; sourceTree = "<group>"; };
		C70176D61A19C1A4003FC85F /* MultipleChoiceQuestion.m */ = {isa = PBXFileReference; fileEncoding = 4; lastKnownFileType = sourcecode.c.objc; path = MultipleChoiceQuestion.m; sourceTree = "<group>"; };
		C7424FA01A197A0300BF2D65 /* MultipleChoiceViewController.h */ = {isa = PBXFileReference; fileEncoding = 4; lastKnownFileType = sourcecode.c.h; path = MultipleChoiceViewController.h; sourceTree = "<group>"; };
		C7424FA11A197A0300BF2D65 /* MultipleChoiceViewController.m */ = {isa = PBXFileReference; fileEncoding = 4; lastKnownFileType = sourcecode.c.objc; path = MultipleChoiceViewController.m; sourceTree = "<group>"; };
		C7424FA21A197A0300BF2D65 /* MultipleChoiceViewController.xib */ = {isa = PBXFileReference; fileEncoding = 4; lastKnownFileType = file.xib; path = MultipleChoiceViewController.xib; sourceTree = "<group>"; };
		EA169EA51A19A445006226BD /* UIColor+VocabLean.h */ = {isa = PBXFileReference; fileEncoding = 4; lastKnownFileType = sourcecode.c.h; path = "UIColor+VocabLean.h"; sourceTree = "<group>"; };
		EA169EA61A19A445006226BD /* UIColor+VocabLean.m */ = {isa = PBXFileReference; fileEncoding = 4; lastKnownFileType = sourcecode.c.objc; path = "UIColor+VocabLean.m"; sourceTree = "<group>"; };
		EA260A561A17C1A00049D28F /* SpellingTestWelcomeViewController.h */ = {isa = PBXFileReference; fileEncoding = 4; lastKnownFileType = sourcecode.c.h; name = SpellingTestWelcomeViewController.h; path = SpellingTest/SpellingTestWelcomeViewController.h; sourceTree = "<group>"; };
		EA260A571A17C1A00049D28F /* SpellingTestWelcomeViewController.m */ = {isa = PBXFileReference; fileEncoding = 4; lastKnownFileType = sourcecode.c.objc; name = SpellingTestWelcomeViewController.m; path = SpellingTest/SpellingTestWelcomeViewController.m; sourceTree = "<group>"; };
		EA78D3391A17CDE7002F9405 /* SpellingTestTestController.h */ = {isa = PBXFileReference; fileEncoding = 4; lastKnownFileType = sourcecode.c.h; name = SpellingTestTestController.h; path = SpellingTest/SpellingTestTestController.h; sourceTree = "<group>"; };
		EA78D33A1A17CDE7002F9405 /* SpellingTestTestController.m */ = {isa = PBXFileReference; fileEncoding = 4; lastKnownFileType = sourcecode.c.objc; name = SpellingTestTestController.m; path = SpellingTest/SpellingTestTestController.m; sourceTree = "<group>"; };
		EA78D33C1A17CED8002F9405 /* SpellingTestQuestionViewController.h */ = {isa = PBXFileReference; fileEncoding = 4; lastKnownFileType = sourcecode.c.h; name = SpellingTestQuestionViewController.h; path = SpellingTest/SpellingTestQuestionViewController.h; sourceTree = "<group>"; };
		EA78D33D1A17CED8002F9405 /* SpellingTestQuestionViewController.m */ = {isa = PBXFileReference; fileEncoding = 4; lastKnownFileType = sourcecode.c.objc; name = SpellingTestQuestionViewController.m; path = SpellingTest/SpellingTestQuestionViewController.m; sourceTree = "<group>"; };
		EA78D33F1A17D315002F9405 /* SpellingTestQuestion.h */ = {isa = PBXFileReference; fileEncoding = 4; lastKnownFileType = sourcecode.c.h; name = SpellingTestQuestion.h; path = SpellingTest/SpellingTestQuestion.h; sourceTree = "<group>"; };
		EA78D3401A17D315002F9405 /* SpellingTestQuestion.m */ = {isa = PBXFileReference; fileEncoding = 4; lastKnownFileType = sourcecode.c.objc; name = SpellingTestQuestion.m; path = SpellingTest/SpellingTestQuestion.m; sourceTree = "<group>"; };
		EA78D3461A17D5E6002F9405 /* SpellingTestCharacterCell.h */ = {isa = PBXFileReference; fileEncoding = 4; lastKnownFileType = sourcecode.c.h; name = SpellingTestCharacterCell.h; path = SpellingTest/SpellingTestCharacterCell.h; sourceTree = "<group>"; };
		EA78D3471A17D5E6002F9405 /* SpellingTestCharacterCell.m */ = {isa = PBXFileReference; fileEncoding = 4; lastKnownFileType = sourcecode.c.objc; name = SpellingTestCharacterCell.m; path = SpellingTest/SpellingTestCharacterCell.m; sourceTree = "<group>"; };
		EA78D3491A17D606002F9405 /* SpellingTestCharacterPickerView.h */ = {isa = PBXFileReference; fileEncoding = 4; lastKnownFileType = sourcecode.c.h; name = SpellingTestCharacterPickerView.h; path = SpellingTest/SpellingTestCharacterPickerView.h; sourceTree = "<group>"; };
		EA78D34A1A17D606002F9405 /* SpellingTestCharacterPickerView.m */ = {isa = PBXFileReference; fileEncoding = 4; lastKnownFileType = sourcecode.c.objc; name = SpellingTestCharacterPickerView.m; path = SpellingTest/SpellingTestCharacterPickerView.m; sourceTree = "<group>"; };
		EA78D34C1A17D61C002F9405 /* SpellingTestGuessingAreaView.h */ = {isa = PBXFileReference; fileEncoding = 4; lastKnownFileType = sourcecode.c.h; name = SpellingTestGuessingAreaView.h; path = SpellingTest/SpellingTestGuessingAreaView.h; sourceTree = "<group>"; };
		EA78D34D1A17D61C002F9405 /* SpellingTestGuessingAreaView.m */ = {isa = PBXFileReference; fileEncoding = 4; lastKnownFileType = sourcecode.c.objc; name = SpellingTestGuessingAreaView.m; path = SpellingTest/SpellingTestGuessingAreaView.m; sourceTree = "<group>"; };
		EAA67BD91A1C597600AD8779 /* SpellingTestCharacterView.h */ = {isa = PBXFileReference; fileEncoding = 4; lastKnownFileType = sourcecode.c.h; name = SpellingTestCharacterView.h; path = SpellingTest/SpellingTestCharacterView.h; sourceTree = "<group>"; };
		EAA67BDA1A1C597600AD8779 /* SpellingTestCharacterView.m */ = {isa = PBXFileReference; fileEncoding = 4; lastKnownFileType = sourcecode.c.objc; name = SpellingTestCharacterView.m; path = SpellingTest/SpellingTestCharacterView.m; sourceTree = "<group>"; };
		F5DF1409AA78B25E9457D551 /* Pods.release.xcconfig */ = {isa = PBXFileReference; includeInIndex = 1; lastKnownFileType = text.xcconfig; name = Pods.release.xcconfig; path = "Pods/Target Support Files/Pods/Pods.release.xcconfig"; sourceTree = "<group>"; };
/* End PBXFileReference section */

/* Begin PBXFrameworksBuildPhase section */
		A9EF1FE31A15C5800017089D /* Frameworks */ = {
			isa = PBXFrameworksBuildPhase;
			buildActionMask = 2147483647;
			files = (
				3E91EAF6F7F0F457434DFA3F /* libPods.a in Frameworks */,
			);
			runOnlyForDeploymentPostprocessing = 0;
		};
		A9EF1FFC1A15C5800017089D /* Frameworks */ = {
			isa = PBXFrameworksBuildPhase;
			buildActionMask = 2147483647;
			files = (
			);
			runOnlyForDeploymentPostprocessing = 0;
		};
/* End PBXFrameworksBuildPhase section */

/* Begin PBXGroup section */
		6DDFE25D010B172E55ABF4CD /* Pods */ = {
			isa = PBXGroup;
			children = (
				3899FDDC32E6CFF69BCBC008 /* Pods.debug.xcconfig */,
				F5DF1409AA78B25E9457D551 /* Pods.release.xcconfig */,
			);
			name = Pods;
			sourceTree = "<group>";
		};
		A9EF1FDD1A15C5800017089D = {
			isa = PBXGroup;
			children = (
				A9EF1FE81A15C5800017089D /* VocabLearn */,
				A9EF20021A15C5800017089D /* VocabLearnTests */,
				A9EF1FE71A15C5800017089D /* Products */,
				6DDFE25D010B172E55ABF4CD /* Pods */,
				C0142DE3DB168625C384B821 /* Frameworks */,
			);
			sourceTree = "<group>";
		};
		A9EF1FE71A15C5800017089D /* Products */ = {
			isa = PBXGroup;
			children = (
				A9EF1FE61A15C5800017089D /* VocabLearn.app */,
				A9EF1FFF1A15C5800017089D /* VocabLearnTests.xctest */,
			);
			name = Products;
			sourceTree = "<group>";
		};
		A9EF1FE81A15C5800017089D /* VocabLearn */ = {
			isa = PBXGroup;
			children = (
				EA260A551A17C0CD0049D28F /* Spelling Test */,
				A9F3019E1A1991BA006AFD1A /* TableViewCells */,
				C7424F9F1A1979CA00BF2D65 /* MultipleChoice */,
				A9EF20181A15C9B70017089D /* Entities */,
				A9EF20171A15C9A60017089D /* ViewControllers */,
				A9EF1FED1A15C5800017089D /* AppDelegate.h */,
				A9EF1FEE1A15C5800017089D /* AppDelegate.m */,
				EA169EA51A19A445006226BD /* UIColor+VocabLean.h */,
				EA169EA61A19A445006226BD /* UIColor+VocabLean.m */,
				A9EF1FF61A15C5800017089D /* Images.xcassets */,
				A9EF1FF81A15C5800017089D /* LaunchScreen.xib */,
				A9EF1FE91A15C5800017089D /* Supporting Files */,
			);
			path = VocabLearn;
			sourceTree = "<group>";
		};
		A9EF1FE91A15C5800017089D /* Supporting Files */ = {
			isa = PBXGroup;
			children = (
				A9EF1FEA1A15C5800017089D /* Info.plist */,
				A9EF1FEB1A15C5800017089D /* main.m */,
			);
			name = "Supporting Files";
			sourceTree = "<group>";
		};
		A9EF20021A15C5800017089D /* VocabLearnTests */ = {
			isa = PBXGroup;
			children = (
				A9EF20051A15C5800017089D /* VocabLearnTests.m */,
				A9EF20031A15C5800017089D /* Supporting Files */,
			);
			path = VocabLearnTests;
			sourceTree = "<group>";
		};
		A9EF20031A15C5800017089D /* Supporting Files */ = {
			isa = PBXGroup;
			children = (
				A9EF20041A15C5800017089D /* Info.plist */,
			);
			name = "Supporting Files";
			sourceTree = "<group>";
		};
		A9EF20171A15C9A60017089D /* ViewControllers */ = {
			isa = PBXGroup;
			children = (
				A9EF200F1A15C5A50017089D /* MainViewController.h */,
				A9EF20101A15C5A50017089D /* MainViewController.m */,
				A9EF20111A15C5A50017089D /* MainViewController.xib */,
				A9EF201E1A15CE390017089D /* VocabListCreationViewController.h */,
				A9EF201F1A15CE390017089D /* VocabListCreationViewController.m */,
				A9EF20201A15CE390017089D /* VocabListCreationViewController.xib */,
				A9632B291A173C5E003EB8FE /* VocabListBrowseViewController.h */,
				A9632B2A1A173C5E003EB8FE /* VocabListBrowseViewController.m */,
				A9632B2B1A173C5E003EB8FE /* VocabListBrowseViewController.xib */,
				A9168D381A199D1A00D27333 /* TestMenuViewController.h */,
				A9168D391A199D1A00D27333 /* TestMenuViewController.m */,
				A9168D3A1A199D1A00D27333 /* TestMenuViewController.xib */,
				A962BD911A1C79E8003652C1 /* WordEditViewController.h */,
				A962BD921A1C79E8003652C1 /* WordEditViewController.m */,
				A962BD931A1C79E8003652C1 /* WordEditViewController.xib */,
			);
			name = ViewControllers;
			sourceTree = "<group>";
		};
		A9EF20181A15C9B70017089D /* Entities */ = {
			isa = PBXGroup;
			children = (
				A9EF20141A15C9970017089D /* VocabList.h */,
				A9EF20151A15C9970017089D /* VocabList.m */,
				A9632B261A1703FC003EB8FE /* VocabListStore.h */,
				A9632B271A1703FC003EB8FE /* VocabListStore.m */,
			);
			name = Entities;
			sourceTree = "<group>";
		};
		A9F3019E1A1991BA006AFD1A /* TableViewCells */ = {
			isa = PBXGroup;
			children = (
				A9EF20191A15CBF40017089D /* VocabListCell.h */,
				A9EF201A1A15CBF40017089D /* VocabListCell.m */,
				A9EF201B1A15CBF40017089D /* VocabListCell.xib */,
				A962BD8C1A1C6C38003652C1 /* WordCell.h */,
				A962BD8D1A1C6C38003652C1 /* WordCell.m */,
				A962BD8E1A1C6C38003652C1 /* WordCell.xib */,
			);
			name = TableViewCells;
			sourceTree = "<group>";
		};
		C0142DE3DB168625C384B821 /* Frameworks */ = {
			isa = PBXGroup;
			children = (
				4E9C046BD1995DDD68F5EABB /* libPods.a */,
			);
			name = Frameworks;
			sourceTree = "<group>";
		};
		C7424F9F1A1979CA00BF2D65 /* MultipleChoice */ = {
			isa = PBXGroup;
			children = (
				C7424FA01A197A0300BF2D65 /* MultipleChoiceViewController.h */,
				C7424FA11A197A0300BF2D65 /* MultipleChoiceViewController.m */,
				C7424FA21A197A0300BF2D65 /* MultipleChoiceViewController.xib */,
				C70176D51A19C1A4003FC85F /* MultipleChoiceQuestion.h */,
				C70176D61A19C1A4003FC85F /* MultipleChoiceQuestion.m */,
			);
			name = MultipleChoice;
			sourceTree = "<group>";
		};
		EA260A551A17C0CD0049D28F /* Spelling Test */ = {
			isa = PBXGroup;
			children = (
				EA260A561A17C1A00049D28F /* SpellingTestWelcomeViewController.h */,
				EA260A571A17C1A00049D28F /* SpellingTestWelcomeViewController.m */,
				EA78D3391A17CDE7002F9405 /* SpellingTestTestController.h */,
				EA78D33A1A17CDE7002F9405 /* SpellingTestTestController.m */,
				EA78D33F1A17D315002F9405 /* SpellingTestQuestion.h */,
				EA78D3401A17D315002F9405 /* SpellingTestQuestion.m */,
				EA78D3421A17D542002F9405 /* Question View */,
			);
			name = "Spelling Test";
			sourceTree = "<group>";
		};
		EA78D3421A17D542002F9405 /* Question View */ = {
			isa = PBXGroup;
			children = (
				EA78D33C1A17CED8002F9405 /* SpellingTestQuestionViewController.h */,
				EA78D33D1A17CED8002F9405 /* SpellingTestQuestionViewController.m */,
				EA78D3461A17D5E6002F9405 /* SpellingTestCharacterCell.h */,
				EA78D3471A17D5E6002F9405 /* SpellingTestCharacterCell.m */,
				EAA67BD91A1C597600AD8779 /* SpellingTestCharacterView.h */,
				EAA67BDA1A1C597600AD8779 /* SpellingTestCharacterView.m */,
				EA78D3491A17D606002F9405 /* SpellingTestCharacterPickerView.h */,
				EA78D34A1A17D606002F9405 /* SpellingTestCharacterPickerView.m */,
				EA78D34C1A17D61C002F9405 /* SpellingTestGuessingAreaView.h */,
				EA78D34D1A17D61C002F9405 /* SpellingTestGuessingAreaView.m */,
				A92FCCB51A196DF100B16E9B /* SpellingTestCharacter.h */,
				A92FCCB61A196DF100B16E9B /* SpellingTestCharacter.m */,
			);
			name = "Question View";
			sourceTree = "<group>";
		};
/* End PBXGroup section */

/* Begin PBXNativeTarget section */
		A9EF1FE51A15C5800017089D /* VocabLearn */ = {
			isa = PBXNativeTarget;
			buildConfigurationList = A9EF20091A15C5800017089D /* Build configuration list for PBXNativeTarget "VocabLearn" */;
			buildPhases = (
				189B31332BA4D6C1D550A55A /* Check Pods Manifest.lock */,
				A9EF1FE21A15C5800017089D /* Sources */,
				A9EF1FE31A15C5800017089D /* Frameworks */,
				A9EF1FE41A15C5800017089D /* Resources */,
				682371BCA489C4D2DB7CC222 /* Copy Pods Resources */,
			);
			buildRules = (
			);
			dependencies = (
			);
			name = VocabLearn;
			productName = VocabLearn;
			productReference = A9EF1FE61A15C5800017089D /* VocabLearn.app */;
			productType = "com.apple.product-type.application";
		};
		A9EF1FFE1A15C5800017089D /* VocabLearnTests */ = {
			isa = PBXNativeTarget;
			buildConfigurationList = A9EF200C1A15C5800017089D /* Build configuration list for PBXNativeTarget "VocabLearnTests" */;
			buildPhases = (
				A9EF1FFB1A15C5800017089D /* Sources */,
				A9EF1FFC1A15C5800017089D /* Frameworks */,
				A9EF1FFD1A15C5800017089D /* Resources */,
			);
			buildRules = (
			);
			dependencies = (
				A9EF20011A15C5800017089D /* PBXTargetDependency */,
			);
			name = VocabLearnTests;
			productName = VocabLearnTests;
			productReference = A9EF1FFF1A15C5800017089D /* VocabLearnTests.xctest */;
			productType = "com.apple.product-type.bundle.unit-test";
		};
/* End PBXNativeTarget section */

/* Begin PBXProject section */
		A9EF1FDE1A15C5800017089D /* Project object */ = {
			isa = PBXProject;
			attributes = {
				LastUpgradeCheck = 0610;
				ORGANIZATIONNAME = Henryyou;
				TargetAttributes = {
					A9EF1FE51A15C5800017089D = {
						CreatedOnToolsVersion = 6.1;
					};
					A9EF1FFE1A15C5800017089D = {
						CreatedOnToolsVersion = 6.1;
						TestTargetID = A9EF1FE51A15C5800017089D;
					};
				};
			};
			buildConfigurationList = A9EF1FE11A15C5800017089D /* Build configuration list for PBXProject "VocabLearn" */;
			compatibilityVersion = "Xcode 3.2";
			developmentRegion = English;
			hasScannedForEncodings = 0;
			knownRegions = (
				en,
				Base,
			);
			mainGroup = A9EF1FDD1A15C5800017089D;
			productRefGroup = A9EF1FE71A15C5800017089D /* Products */;
			projectDirPath = "";
			projectRoot = "";
			targets = (
				A9EF1FE51A15C5800017089D /* VocabLearn */,
				A9EF1FFE1A15C5800017089D /* VocabLearnTests */,
			);
		};
/* End PBXProject section */

/* Begin PBXResourcesBuildPhase section */
		A9EF1FE41A15C5800017089D /* Resources */ = {
			isa = PBXResourcesBuildPhase;
			buildActionMask = 2147483647;
			files = (
				A962BD951A1C79E8003652C1 /* WordEditViewController.xib in Resources */,
				A9632B2D1A173C5E003EB8FE /* VocabListBrowseViewController.xib in Resources */,
				C7424FA41A197A0300BF2D65 /* MultipleChoiceViewController.xib in Resources */,
				A9EF1FFA1A15C5800017089D /* LaunchScreen.xib in Resources */,
				A9EF201D1A15CBF40017089D /* VocabListCell.xib in Resources */,
				A962BD901A1C6C38003652C1 /* WordCell.xib in Resources */,
				A9EF20131A15C5A50017089D /* MainViewController.xib in Resources */,
				A9EF1FF71A15C5800017089D /* Images.xcassets in Resources */,
				A9EF20221A15CE390017089D /* VocabListCreationViewController.xib in Resources */,
				A9168D3C1A199D1A00D27333 /* TestMenuViewController.xib in Resources */,
			);
			runOnlyForDeploymentPostprocessing = 0;
		};
		A9EF1FFD1A15C5800017089D /* Resources */ = {
			isa = PBXResourcesBuildPhase;
			buildActionMask = 2147483647;
			files = (
			);
			runOnlyForDeploymentPostprocessing = 0;
		};
/* End PBXResourcesBuildPhase section */

/* Begin PBXShellScriptBuildPhase section */
		189B31332BA4D6C1D550A55A /* Check Pods Manifest.lock */ = {
			isa = PBXShellScriptBuildPhase;
			buildActionMask = 2147483647;
			files = (
			);
			inputPaths = (
			);
			name = "Check Pods Manifest.lock";
			outputPaths = (
			);
			runOnlyForDeploymentPostprocessing = 0;
			shellPath = /bin/sh;
			shellScript = "diff \"${PODS_ROOT}/../Podfile.lock\" \"${PODS_ROOT}/Manifest.lock\" > /dev/null\nif [[ $? != 0 ]] ; then\n    cat << EOM\nerror: The sandbox is not in sync with the Podfile.lock. Run 'pod install' or update your CocoaPods installation.\nEOM\n    exit 1\nfi\n";
			showEnvVarsInLog = 0;
		};
		682371BCA489C4D2DB7CC222 /* Copy Pods Resources */ = {
			isa = PBXShellScriptBuildPhase;
			buildActionMask = 2147483647;
			files = (
			);
			inputPaths = (
			);
			name = "Copy Pods Resources";
			outputPaths = (
			);
			runOnlyForDeploymentPostprocessing = 0;
			shellPath = /bin/sh;
			shellScript = "\"${SRCROOT}/Pods/Target Support Files/Pods/Pods-resources.sh\"\n";
			showEnvVarsInLog = 0;
		};
/* End PBXShellScriptBuildPhase section */

/* Begin PBXSourcesBuildPhase section */
		A9EF1FE21A15C5800017089D /* Sources */ = {
			isa = PBXSourcesBuildPhase;
			buildActionMask = 2147483647;
			files = (
				EA78D3481A17D5E6002F9405 /* SpellingTestCharacterCell.m in Sources */,
				EA78D34E1A17D61C002F9405 /* SpellingTestGuessingAreaView.m in Sources */,
				A9EF1FEF1A15C5800017089D /* AppDelegate.m in Sources */,
				A9168D3B1A199D1A00D27333 /* TestMenuViewController.m in Sources */,
				EA78D34B1A17D606002F9405 /* SpellingTestCharacterPickerView.m in Sources */,
				A962BD8F1A1C6C38003652C1 /* WordCell.m in Sources */,
				A9632B281A1703FC003EB8FE /* VocabListStore.m in Sources */,
				C70176D71A19C1A4003FC85F /* MultipleChoiceQuestion.m in Sources */,
				EAA67BDB1A1C597600AD8779 /* SpellingTestCharacterView.m in Sources */,
				C7424FA31A197A0300BF2D65 /* MultipleChoiceViewController.m in Sources */,
				A9632B2C1A173C5E003EB8FE /* VocabListBrowseViewController.m in Sources */,
				A9EF20211A15CE390017089D /* VocabListCreationViewController.m in Sources */,
				A9EF20161A15C9970017089D /* VocabList.m in Sources */,
				A9EF20121A15C5A50017089D /* MainViewController.m in Sources */,
				EA78D33E1A17CED8002F9405 /* SpellingTestQuestionViewController.m in Sources */,
				A9EF201C1A15CBF40017089D /* VocabListCell.m in Sources */,
				EA260A581A17C1A00049D28F /* SpellingTestWelcomeViewController.m in Sources */,
				EA169EA71A19A445006226BD /* UIColor+VocabLean.m in Sources */,
				A9EF1FEC1A15C5800017089D /* main.m in Sources */,
				A92FCCB71A196DF100B16E9B /* SpellingTestCharacter.m in Sources */,
				EA78D33B1A17CDE7002F9405 /* SpellingTestTestController.m in Sources */,
				EA78D3411A17D315002F9405 /* SpellingTestQuestion.m in Sources */,
				A962BD941A1C79E8003652C1 /* WordEditViewController.m in Sources */,
			);
			runOnlyForDeploymentPostprocessing = 0;
		};
		A9EF1FFB1A15C5800017089D /* Sources */ = {
			isa = PBXSourcesBuildPhase;
			buildActionMask = 2147483647;
			files = (
				A9EF20061A15C5800017089D /* VocabLearnTests.m in Sources */,
			);
			runOnlyForDeploymentPostprocessing = 0;
		};
/* End PBXSourcesBuildPhase section */

/* Begin PBXTargetDependency section */
		A9EF20011A15C5800017089D /* PBXTargetDependency */ = {
			isa = PBXTargetDependency;
			target = A9EF1FE51A15C5800017089D /* VocabLearn */;
			targetProxy = A9EF20001A15C5800017089D /* PBXContainerItemProxy */;
		};
/* End PBXTargetDependency section */

/* Begin PBXVariantGroup section */
		A9EF1FF81A15C5800017089D /* LaunchScreen.xib */ = {
			isa = PBXVariantGroup;
			children = (
				A9EF1FF91A15C5800017089D /* Base */,
			);
			name = LaunchScreen.xib;
			sourceTree = "<group>";
		};
/* End PBXVariantGroup section */

/* Begin XCBuildConfiguration section */
		A9EF20071A15C5800017089D /* Debug */ = {
			isa = XCBuildConfiguration;
			buildSettings = {
				ALWAYS_SEARCH_USER_PATHS = NO;
				CLANG_CXX_LANGUAGE_STANDARD = "gnu++0x";
				CLANG_CXX_LIBRARY = "libc++";
				CLANG_ENABLE_MODULES = YES;
				CLANG_ENABLE_OBJC_ARC = YES;
				CLANG_WARN_BOOL_CONVERSION = YES;
				CLANG_WARN_CONSTANT_CONVERSION = YES;
				CLANG_WARN_DIRECT_OBJC_ISA_USAGE = YES_ERROR;
				CLANG_WARN_EMPTY_BODY = YES;
				CLANG_WARN_ENUM_CONVERSION = YES;
				CLANG_WARN_INT_CONVERSION = YES;
				CLANG_WARN_OBJC_ROOT_CLASS = YES_ERROR;
				CLANG_WARN_UNREACHABLE_CODE = YES;
				CLANG_WARN__DUPLICATE_METHOD_MATCH = YES;
				"CODE_SIGN_IDENTITY[sdk=iphoneos*]" = "iPhone Developer";
				COPY_PHASE_STRIP = NO;
				ENABLE_STRICT_OBJC_MSGSEND = YES;
				GCC_C_LANGUAGE_STANDARD = gnu99;
				GCC_DYNAMIC_NO_PIC = NO;
				GCC_OPTIMIZATION_LEVEL = 0;
				GCC_PREPROCESSOR_DEFINITIONS = (
					"DEBUG=1",
					"$(inherited)",
				);
				GCC_SYMBOLS_PRIVATE_EXTERN = NO;
				GCC_WARN_64_TO_32_BIT_CONVERSION = YES;
				GCC_WARN_ABOUT_RETURN_TYPE = YES_ERROR;
				GCC_WARN_UNDECLARED_SELECTOR = YES;
				GCC_WARN_UNINITIALIZED_AUTOS = YES_AGGRESSIVE;
				GCC_WARN_UNUSED_FUNCTION = YES;
				GCC_WARN_UNUSED_VARIABLE = YES;
				IPHONEOS_DEPLOYMENT_TARGET = 8.1;
				MTL_ENABLE_DEBUG_INFO = YES;
				ONLY_ACTIVE_ARCH = YES;
				SDKROOT = iphoneos;
			};
			name = Debug;
		};
		A9EF20081A15C5800017089D /* Release */ = {
			isa = XCBuildConfiguration;
			buildSettings = {
				ALWAYS_SEARCH_USER_PATHS = NO;
				CLANG_CXX_LANGUAGE_STANDARD = "gnu++0x";
				CLANG_CXX_LIBRARY = "libc++";
				CLANG_ENABLE_MODULES = YES;
				CLANG_ENABLE_OBJC_ARC = YES;
				CLANG_WARN_BOOL_CONVERSION = YES;
				CLANG_WARN_CONSTANT_CONVERSION = YES;
				CLANG_WARN_DIRECT_OBJC_ISA_USAGE = YES_ERROR;
				CLANG_WARN_EMPTY_BODY = YES;
				CLANG_WARN_ENUM_CONVERSION = YES;
				CLANG_WARN_INT_CONVERSION = YES;
				CLANG_WARN_OBJC_ROOT_CLASS = YES_ERROR;
				CLANG_WARN_UNREACHABLE_CODE = YES;
				CLANG_WARN__DUPLICATE_METHOD_MATCH = YES;
				"CODE_SIGN_IDENTITY[sdk=iphoneos*]" = "iPhone Developer";
				COPY_PHASE_STRIP = YES;
				ENABLE_NS_ASSERTIONS = NO;
				ENABLE_STRICT_OBJC_MSGSEND = YES;
				GCC_C_LANGUAGE_STANDARD = gnu99;
				GCC_WARN_64_TO_32_BIT_CONVERSION = YES;
				GCC_WARN_ABOUT_RETURN_TYPE = YES_ERROR;
				GCC_WARN_UNDECLARED_SELECTOR = YES;
				GCC_WARN_UNINITIALIZED_AUTOS = YES_AGGRESSIVE;
				GCC_WARN_UNUSED_FUNCTION = YES;
				GCC_WARN_UNUSED_VARIABLE = YES;
				IPHONEOS_DEPLOYMENT_TARGET = 8.1;
				MTL_ENABLE_DEBUG_INFO = NO;
				SDKROOT = iphoneos;
				VALIDATE_PRODUCT = YES;
			};
			name = Release;
		};
		A9EF200A1A15C5800017089D /* Debug */ = {
			isa = XCBuildConfiguration;
			baseConfigurationReference = 3899FDDC32E6CFF69BCBC008 /* Pods.debug.xcconfig */;
			buildSettings = {
				ASSETCATALOG_COMPILER_APPICON_NAME = AppIcon;
				INFOPLIST_FILE = VocabLearn/Info.plist;
				IPHONEOS_DEPLOYMENT_TARGET = 8.0;
				LD_RUNPATH_SEARCH_PATHS = "$(inherited) @executable_path/Frameworks";
				PRODUCT_NAME = "$(TARGET_NAME)";
			};
			name = Debug;
		};
		A9EF200B1A15C5800017089D /* Release */ = {
			isa = XCBuildConfiguration;
			baseConfigurationReference = F5DF1409AA78B25E9457D551 /* Pods.release.xcconfig */;
			buildSettings = {
				ASSETCATALOG_COMPILER_APPICON_NAME = AppIcon;
				INFOPLIST_FILE = VocabLearn/Info.plist;
				IPHONEOS_DEPLOYMENT_TARGET = 8.0;
				LD_RUNPATH_SEARCH_PATHS = "$(inherited) @executable_path/Frameworks";
				PRODUCT_NAME = "$(TARGET_NAME)";
			};
			name = Release;
		};
		A9EF200D1A15C5800017089D /* Debug */ = {
			isa = XCBuildConfiguration;
			buildSettings = {
				BUNDLE_LOADER = "$(TEST_HOST)";
				FRAMEWORK_SEARCH_PATHS = (
					"$(SDKROOT)/Developer/Library/Frameworks",
					"$(inherited)",
				);
				GCC_PREPROCESSOR_DEFINITIONS = (
					"DEBUG=1",
					"$(inherited)",
				);
				INFOPLIST_FILE = VocabLearnTests/Info.plist;
				LD_RUNPATH_SEARCH_PATHS = "$(inherited) @executable_path/Frameworks @loader_path/Frameworks";
				PRODUCT_NAME = "$(TARGET_NAME)";
				TEST_HOST = "$(BUILT_PRODUCTS_DIR)/VocabLearn.app/VocabLearn";
			};
			name = Debug;
		};
		A9EF200E1A15C5800017089D /* Release */ = {
			isa = XCBuildConfiguration;
			buildSettings = {
				BUNDLE_LOADER = "$(TEST_HOST)";
				FRAMEWORK_SEARCH_PATHS = (
					"$(SDKROOT)/Developer/Library/Frameworks",
					"$(inherited)",
				);
				INFOPLIST_FILE = VocabLearnTests/Info.plist;
				LD_RUNPATH_SEARCH_PATHS = "$(inherited) @executable_path/Frameworks @loader_path/Frameworks";
				PRODUCT_NAME = "$(TARGET_NAME)";
				TEST_HOST = "$(BUILT_PRODUCTS_DIR)/VocabLearn.app/VocabLearn";
			};
			name = Release;
		};
/* End XCBuildConfiguration section */

/* Begin XCConfigurationList section */
		A9EF1FE11A15C5800017089D /* Build configuration list for PBXProject "VocabLearn" */ = {
			isa = XCConfigurationList;
			buildConfigurations = (
				A9EF20071A15C5800017089D /* Debug */,
				A9EF20081A15C5800017089D /* Release */,
			);
			defaultConfigurationIsVisible = 0;
			defaultConfigurationName = Release;
		};
		A9EF20091A15C5800017089D /* Build configuration list for PBXNativeTarget "VocabLearn" */ = {
			isa = XCConfigurationList;
			buildConfigurations = (
				A9EF200A1A15C5800017089D /* Debug */,
				A9EF200B1A15C5800017089D /* Release */,
			);
			defaultConfigurationIsVisible = 0;
			defaultConfigurationName = Release;
		};
		A9EF200C1A15C5800017089D /* Build configuration list for PBXNativeTarget "VocabLearnTests" */ = {
			isa = XCConfigurationList;
			buildConfigurations = (
				A9EF200D1A15C5800017089D /* Debug */,
				A9EF200E1A15C5800017089D /* Release */,
			);
			defaultConfigurationIsVisible = 0;
			defaultConfigurationName = Release;
		};
/* End XCConfigurationList section */
	};
	rootObject = A9EF1FDE1A15C5800017089D /* Project object */;
}
